
Microsoft Visual Studio Solution File, Format Version 12.00
# Visual Studio Version 17
VisualStudioVersion = 17.2.32519.379
MinimumVisualStudioVersion = 10.0.40219.1
Project("{2150E333-8FDC-42A3-9474-1A3956D46DE8}") = "src", "src", "{08E0C878-4CCC-4F64-B1F3-0CBEE288E9DD}"
EndProject
Project("{2150E333-8FDC-42A3-9474-1A3956D46DE8}") = "Clients", "Clients", "{FD1323E7-CA8A-4123-84AB-CE38D537D466}"
EndProject
Project("{9A19103F-16F7-4668-BE54-9A1E7A4F7556}") = "WebClient", "src\Clients\WebClient\WebClient.csproj", "{9A28EE12-91EE-4F47-9600-8CCFD6508F9E}"
EndProject
Global
	GlobalSection(SolutionConfigurationPlatforms) = preSolution
		Debug|Any CPU = Debug|Any CPU
		Release|Any CPU = Release|Any CPU
	EndGlobalSection
	GlobalSection(ProjectConfigurationPlatforms) = postSolution
		{9A28EE12-91EE-4F47-9600-8CCFD6508F9E}.Debug|Any CPU.ActiveCfg = Debug|Any CPU
		{9A28EE12-91EE-4F47-9600-8CCFD6508F9E}.Debug|Any CPU.Build.0 = Debug|Any CPU
		{9A28EE12-91EE-4F47-9600-8CCFD6508F9E}.Release|Any CPU.ActiveCfg = Release|Any CPU
		{9A28EE12-91EE-4F47-9600-8CCFD6508F9E}.Release|Any CPU.Build.0 = Release|Any CPU
	EndGlobalSection
	GlobalSection(SolutionProperties) = preSolution
		HideSolutionNode = FALSE
	EndGlobalSection
	GlobalSection(NestedProjects) = preSolution
		{FD1323E7-CA8A-4123-84AB-CE38D537D466} = {08E0C878-4CCC-4F64-B1F3-0CBEE288E9DD}
		{9A28EE12-91EE-4F47-9600-8CCFD6508F9E} = {FD1323E7-CA8A-4123-84AB-CE38D537D466}
	EndGlobalSection
	GlobalSection(ExtensibilityGlobals) = postSolution
		SolutionGuid = {5BDAFF7D-E0EE-47B1-B761-A4AD5F354363}
	EndGlobalSection
EndGlobal
